// !$*UTF8*$!
{
	archiveVersion = 1;
	classes = {
	};
	objectVersion = 56;
	objects = {

/* Begin PBXBuildFile section */
		CE8C97E12ACD351200484DAE /* VerticalViewPagerApp.swift in Sources */ = {isa = PBXBuildFile; fileRef = CE8C97E02ACD351200484DAE /* VerticalViewPagerApp.swift */; };
		CE8C97E32ACD351200484DAE /* ContentView.swift in Sources */ = {isa = PBXBuildFile; fileRef = CE8C97E22ACD351200484DAE /* ContentView.swift */; };
		CE8C97E52ACD351300484DAE /* Assets.xcassets in Resources */ = {isa = PBXBuildFile; fileRef = CE8C97E42ACD351300484DAE /* Assets.xcassets */; };
		CE8C97E82ACD351300484DAE /* Preview Assets.xcassets in Resources */ = {isa = PBXBuildFile; fileRef = CE8C97E72ACD351300484DAE /* Preview Assets.xcassets */; };
		CE8C97F22ACD351300484DAE /* VerticalViewPagerTests.swift in Sources */ = {isa = PBXBuildFile; fileRef = CE8C97F12ACD351300484DAE /* VerticalViewPagerTests.swift */; };
		CE8C97FC2ACD351300484DAE /* VerticalViewPagerUITests.swift in Sources */ = {isa = PBXBuildFile; fileRef = CE8C97FB2ACD351300484DAE /* VerticalViewPagerUITests.swift */; };
		CE8C97FE2ACD351300484DAE /* VerticalViewPagerUITestsLaunchTests.swift in Sources */ = {isa = PBXBuildFile; fileRef = CE8C97FD2ACD351300484DAE /* VerticalViewPagerUITestsLaunchTests.swift */; };
/* End PBXBuildFile section */

/* Begin PBXContainerItemProxy section */
		CE8C97EE2ACD351300484DAE /* PBXContainerItemProxy */ = {
			isa = PBXContainerItemProxy;
			containerPortal = CE8C97D52ACD351200484DAE /* Project object */;
			proxyType = 1;
			remoteGlobalIDString = CE8C97DC2ACD351200484DAE;
			remoteInfo = VerticalViewPager;
		};
		CE8C97F82ACD351300484DAE /* PBXContainerItemProxy */ = {
			isa = PBXContainerItemProxy;
			containerPortal = CE8C97D52ACD351200484DAE /* Project object */;
			proxyType = 1;
			remoteGlobalIDString = CE8C97DC2ACD351200484DAE;
			remoteInfo = VerticalViewPager;
		};
/* End PBXContainerItemProxy section */

/* Begin PBXFileReference section */
		CE8C97DD2ACD351200484DAE /* VerticalViewPager.app */ = {isa = PBXFileReference; explicitFileType = wrapper.application; includeInIndex = 0; path = VerticalViewPager.app; sourceTree = BUILT_PRODUCTS_DIR; };
		CE8C97E02ACD351200484DAE /* VerticalViewPagerApp.swift */ = {isa = PBXFileReference; lastKnownFileType = sourcecode.swift; path = VerticalViewPagerApp.swift; sourceTree = "<group>"; };
		CE8C97E22ACD351200484DAE /* ContentView.swift */ = {isa = PBXFileReference; lastKnownFileType = sourcecode.swift; path = ContentView.swift; sourceTree = "<group>"; };
		CE8C97E42ACD351300484DAE /* Assets.xcassets */ = {isa = PBXFileReference; lastKnownFileType = folder.assetcatalog; path = Assets.xcassets; sourceTree = "<group>"; };
		CE8C97E72ACD351300484DAE /* Preview Assets.xcassets */ = {isa = PBXFileReference; lastKnownFileType = folder.assetcatalog; path = "Preview Assets.xcassets"; sourceTree = "<group>"; };
		CE8C97ED2ACD351300484DAE /* VerticalViewPagerTests.xctest */ = {isa = PBXFileReference; explicitFileType = wrapper.cfbundle; includeInIndex = 0; path = VerticalViewPagerTests.xctest; sourceTree = BUILT_PRODUCTS_DIR; };
		CE8C97F12ACD351300484DAE /* VerticalViewPagerTests.swift */ = {isa = PBXFileReference; lastKnownFileType = sourcecode.swift; path = VerticalViewPagerTests.swift; sourceTree = "<group>"; };
		CE8C97F72ACD351300484DAE /* VerticalViewPagerUITests.xctest */ = {isa = PBXFileReference; explicitFileType = wrapper.cfbundle; includeInIndex = 0; path = VerticalViewPagerUITests.xctest; sourceTree = BUILT_PRODUCTS_DIR; };
		CE8C97FB2ACD351300484DAE /* VerticalViewPagerUITests.swift */ = {isa = PBXFileReference; lastKnownFileType = sourcecode.swift; path = VerticalViewPagerUITests.swift; sourceTree = "<group>"; };
		CE8C97FD2ACD351300484DAE /* VerticalViewPagerUITestsLaunchTests.swift */ = {isa = PBXFileReference; lastKnownFileType = sourcecode.swift; path = VerticalViewPagerUITestsLaunchTests.swift; sourceTree = "<group>"; };
/* End PBXFileReference section */

/* Begin PBXFrameworksBuildPhase section */
		CE8C97DA2ACD351200484DAE /* Frameworks */ = {
			isa = PBXFrameworksBuildPhase;
			buildActionMask = 2147483647;
			files = (
			);
			runOnlyForDeploymentPostprocessing = 0;
		};
		CE8C97EA2ACD351300484DAE /* Frameworks */ = {
			isa = PBXFrameworksBuildPhase;
			buildActionMask = 2147483647;
			files = (
			);
			runOnlyForDeploymentPostprocessing = 0;
		};
		CE8C97F42ACD351300484DAE /* Frameworks */ = {
			isa = PBXFrameworksBuildPhase;
			buildActionMask = 2147483647;
			files = (
			);
			runOnlyForDeploymentPostprocessing = 0;
		};
/* End PBXFrameworksBuildPhase section */

/* Begin PBXGroup section */
		CE8C97D42ACD351200484DAE = {
			isa = PBXGroup;
			children = (
				CE8C97DF2ACD351200484DAE /* VerticalViewPager */,
				CE8C97F02ACD351300484DAE /* VerticalViewPagerTests */,
				CE8C97FA2ACD351300484DAE /* VerticalViewPagerUITests */,
				CE8C97DE2ACD351200484DAE /* Products */,
			);
			sourceTree = "<group>";
		};
		CE8C97DE2ACD351200484DAE /* Products */ = {
			isa = PBXGroup;
			children = (
				CE8C97DD2ACD351200484DAE /* VerticalViewPager.app */,
				CE8C97ED2ACD351300484DAE /* VerticalViewPagerTests.xctest */,
				CE8C97F72ACD351300484DAE /* VerticalViewPagerUITests.xctest */,
			);
			name = Products;
			sourceTree = "<group>";
		};
		CE8C97DF2ACD351200484DAE /* VerticalViewPager */ = {
			isa = PBXGroup;
			children = (
				CE8C97E02ACD351200484DAE /* VerticalViewPagerApp.swift */,
				CE8C97E22ACD351200484DAE /* ContentView.swift */,
				CE8C97E42ACD351300484DAE /* Assets.xcassets */,
				CE8C97E62ACD351300484DAE /* Preview Content */,
			);
			path = VerticalViewPager;
			sourceTree = "<group>";
		};
		CE8C97E62ACD351300484DAE /* Preview Content */ = {
			isa = PBXGroup;
			children = (
				CE8C97E72ACD351300484DAE /* Preview Assets.xcassets */,
			);
			path = "Preview Content";
			sourceTree = "<group>";
		};
		CE8C97F02ACD351300484DAE /* VerticalViewPagerTests */ = {
			isa = PBXGroup;
			children = (
				CE8C97F12ACD351300484DAE /* VerticalViewPagerTests.swift */,
			);
			path = VerticalViewPagerTests;
			sourceTree = "<group>";
		};
		CE8C97FA2ACD351300484DAE /* VerticalViewPagerUITests */ = {
			isa = PBXGroup;
			children = (
				CE8C97FB2ACD351300484DAE /* VerticalViewPagerUITests.swift */,
				CE8C97FD2ACD351300484DAE /* VerticalViewPagerUITestsLaunchTests.swift */,
			);
			path = VerticalViewPagerUITests;
			sourceTree = "<group>";
		};
/* End PBXGroup section */

/* Begin PBXNativeTarget section */
		CE8C97DC2ACD351200484DAE /* VerticalViewPager */ = {
			isa = PBXNativeTarget;
			buildConfigurationList = CE8C98012ACD351300484DAE /* Build configuration list for PBXNativeTarget "VerticalViewPager" */;
			buildPhases = (
				CE8C97D92ACD351200484DAE /* Sources */,
				CE8C97DA2ACD351200484DAE /* Frameworks */,
				CE8C97DB2ACD351200484DAE /* Resources */,
			);
			buildRules = (
			);
			dependencies = (
			);
			name = VerticalViewPager;
			productName = VerticalViewPager;
			productReference = CE8C97DD2ACD351200484DAE /* VerticalViewPager.app */;
			productType = "com.apple.product-type.application";
		};
		CE8C97EC2ACD351300484DAE /* VerticalViewPagerTests */ = {
			isa = PBXNativeTarget;
			buildConfigurationList = CE8C98042ACD351300484DAE /* Build configuration list for PBXNativeTarget "VerticalViewPagerTests" */;
			buildPhases = (
				CE8C97E92ACD351300484DAE /* Sources */,
				CE8C97EA2ACD351300484DAE /* Frameworks */,
				CE8C97EB2ACD351300484DAE /* Resources */,
			);
			buildRules = (
			);
			dependencies = (
				CE8C97EF2ACD351300484DAE /* PBXTargetDependency */,
			);
			name = VerticalViewPagerTests;
			productName = VerticalViewPagerTests;
			productReference = CE8C97ED2ACD351300484DAE /* VerticalViewPagerTests.xctest */;
			productType = "com.apple.product-type.bundle.unit-test";
		};
		CE8C97F62ACD351300484DAE /* VerticalViewPagerUITests */ = {
			isa = PBXNativeTarget;
			buildConfigurationList = CE8C98072ACD351300484DAE /* Build configuration list for PBXNativeTarget "VerticalViewPagerUITests" */;
			buildPhases = (
				CE8C97F32ACD351300484DAE /* Sources */,
				CE8C97F42ACD351300484DAE /* Frameworks */,
				CE8C97F52ACD351300484DAE /* Resources */,
			);
			buildRules = (
			);
			dependencies = (
				CE8C97F92ACD351300484DAE /* PBXTargetDependency */,
			);
			name = VerticalViewPagerUITests;
			productName = VerticalViewPagerUITests;
			productReference = CE8C97F72ACD351300484DAE /* VerticalViewPagerUITests.xctest */;
			productType = "com.apple.product-type.bundle.ui-testing";
		};
/* End PBXNativeTarget section */

/* Begin PBXProject section */
		CE8C97D52ACD351200484DAE /* Project object */ = {
			isa = PBXProject;
			attributes = {
				BuildIndependentTargetsInParallel = 1;
				LastSwiftUpdateCheck = 1500;
				LastUpgradeCheck = 1500;
				TargetAttributes = {
					CE8C97DC2ACD351200484DAE = {
						CreatedOnToolsVersion = 15.0;
					};
					CE8C97EC2ACD351300484DAE = {
						CreatedOnToolsVersion = 15.0;
						TestTargetID = CE8C97DC2ACD351200484DAE;
					};
					CE8C97F62ACD351300484DAE = {
						CreatedOnToolsVersion = 15.0;
						TestTargetID = CE8C97DC2ACD351200484DAE;
					};
				};
			};
			buildConfigurationList = CE8C97D82ACD351200484DAE /* Build configuration list for PBXProject "VerticalViewPager" */;
			compatibilityVersion = "Xcode 14.0";
			developmentRegion = en;
			hasScannedForEncodings = 0;
			knownRegions = (
				en,
				Base,
			);
			mainGroup = CE8C97D42ACD351200484DAE;
			productRefGroup = CE8C97DE2ACD351200484DAE /* Products */;
			projectDirPath = "";
			projectRoot = "";
			targets = (
				CE8C97DC2ACD351200484DAE /* VerticalViewPager */,
				CE8C97EC2ACD351300484DAE /* VerticalViewPagerTests */,
				CE8C97F62ACD351300484DAE /* VerticalViewPagerUITests */,
			);
		};
/* End PBXProject section */

/* Begin PBXResourcesBuildPhase section */
		CE8C97DB2ACD351200484DAE /* Resources */ = {
			isa = PBXResourcesBuildPhase;
			buildActionMask = 2147483647;
			files = (
				CE8C97E82ACD351300484DAE /* Preview Assets.xcassets in Resources */,
				CE8C97E52ACD351300484DAE /* Assets.xcassets in Resources */,
			);
			runOnlyForDeploymentPostprocessing = 0;
		};
		CE8C97EB2ACD351300484DAE /* Resources */ = {
			isa = PBXResourcesBuildPhase;
			buildActionMask = 2147483647;
			files = (
			);
			runOnlyForDeploymentPostprocessing = 0;
		};
		CE8C97F52ACD351300484DAE /* Resources */ = {
			isa = PBXResourcesBuildPhase;
			buildActionMask = 2147483647;
			files = (
			);
			runOnlyForDeploymentPostprocessing = 0;
		};
/* End PBXResourcesBuildPhase section */

/* Begin PBXSourcesBuildPhase section */
		CE8C97D92ACD351200484DAE /* Sources */ = {
			isa = PBXSourcesBuildPhase;
			buildActionMask = 2147483647;
			files = (
				CE8C97E32ACD351200484DAE /* ContentView.swift in Sources */,
				CE8C97E12ACD351200484DAE /* VerticalViewPagerApp.swift in Sources */,
			);
			runOnlyForDeploymentPostprocessing = 0;
		};
		CE8C97E92ACD351300484DAE /* Sources */ = {
			isa = PBXSourcesBuildPhase;
			buildActionMask = 2147483647;
			files = (
				CE8C97F22ACD351300484DAE /* VerticalViewPagerTests.swift in Sources */,
			);
			runOnlyForDeploymentPostprocessing = 0;
		};
		CE8C97F32ACD351300484DAE /* Sources */ = {
			isa = PBXSourcesBuildPhase;
			buildActionMask = 2147483647;
			files = (
				CE8C97FC2ACD351300484DAE /* VerticalViewPagerUITests.swift in Sources */,
				CE8C97FE2ACD351300484DAE /* VerticalViewPagerUITestsLaunchTests.swift in Sources */,
			);
			runOnlyForDeploymentPostprocessing = 0;
		};
/* End PBXSourcesBuildPhase section */

/* Begin PBXTargetDependency section */
		CE8C97EF2ACD351300484DAE /* PBXTargetDependency */ = {
			isa = PBXTargetDependency;
			target = CE8C97DC2ACD351200484DAE /* VerticalViewPager */;
			targetProxy = CE8C97EE2ACD351300484DAE /* PBXContainerItemProxy */;
		};
		CE8C97F92ACD351300484DAE /* PBXTargetDependency */ = {
			isa = PBXTargetDependency;
			target = CE8C97DC2ACD351200484DAE /* VerticalViewPager */;
			targetProxy = CE8C97F82ACD351300484DAE /* PBXContainerItemProxy */;
		};
/* End PBXTargetDependency section */

/* Begin XCBuildConfiguration section */
		CE8C97FF2ACD351300484DAE /* Debug */ = {
			isa = XCBuildConfiguration;
			buildSettings = {
				ALWAYS_SEARCH_USER_PATHS = NO;
				ASSETCATALOG_COMPILER_GENERATE_SWIFT_ASSET_SYMBOL_EXTENSIONS = YES;
				CLANG_ANALYZER_NONNULL = YES;
				CLANG_ANALYZER_NUMBER_OBJECT_CONVERSION = YES_AGGRESSIVE;
				CLANG_CXX_LANGUAGE_STANDARD = "gnu++20";
				CLANG_ENABLE_MODULES = YES;
				CLANG_ENABLE_OBJC_ARC = YES;
				CLANG_ENABLE_OBJC_WEAK = YES;
				CLANG_WARN_BLOCK_CAPTURE_AUTORELEASING = YES;
				CLANG_WARN_BOOL_CONVERSION = YES;
				CLANG_WARN_COMMA = YES;
				CLANG_WARN_CONSTANT_CONVERSION = YES;
				CLANG_WARN_DEPRECATED_OBJC_IMPLEMENTATIONS = YES;
				CLANG_WARN_DIRECT_OBJC_ISA_USAGE = YES_ERROR;
				CLANG_WARN_DOCUMENTATION_COMMENTS = YES;
				CLANG_WARN_EMPTY_BODY = YES;
				CLANG_WARN_ENUM_CONVERSION = YES;
				CLANG_WARN_INFINITE_RECURSION = YES;
				CLANG_WARN_INT_CONVERSION = YES;
				CLANG_WARN_NON_LITERAL_NULL_CONVERSION = YES;
				CLANG_WARN_OBJC_IMPLICIT_RETAIN_SELF = YES;
				CLANG_WARN_OBJC_LITERAL_CONVERSION = YES;
				CLANG_WARN_OBJC_ROOT_CLASS = YES_ERROR;
				CLANG_WARN_QUOTED_INCLUDE_IN_FRAMEWORK_HEADER = YES;
				CLANG_WARN_RANGE_LOOP_ANALYSIS = YES;
				CLANG_WARN_STRICT_PROTOTYPES = YES;
				CLANG_WARN_SUSPICIOUS_MOVE = YES;
				CLANG_WARN_UNGUARDED_AVAILABILITY = YES_AGGRESSIVE;
				CLANG_WARN_UNREACHABLE_CODE = YES;
				CLANG_WARN__DUPLICATE_METHOD_MATCH = YES;
				COPY_PHASE_STRIP = NO;
				DEBUG_INFORMATION_FORMAT = dwarf;
				ENABLE_STRICT_OBJC_MSGSEND = YES;
				ENABLE_TESTABILITY = YES;
				ENABLE_USER_SCRIPT_SANDBOXING = YES;
				GCC_C_LANGUAGE_STANDARD = gnu17;
				GCC_DYNAMIC_NO_PIC = NO;
				GCC_NO_COMMON_BLOCKS = YES;
				GCC_OPTIMIZATION_LEVEL = 0;
				GCC_PREPROCESSOR_DEFINITIONS = (
					"DEBUG=1",
					"$(inherited)",
				);
				GCC_WARN_64_TO_32_BIT_CONVERSION = YES;
				GCC_WARN_ABOUT_RETURN_TYPE = YES_ERROR;
				GCC_WARN_UNDECLARED_SELECTOR = YES;
				GCC_WARN_UNINITIALIZED_AUTOS = YES_AGGRESSIVE;
				GCC_WARN_UNUSED_FUNCTION = YES;
				GCC_WARN_UNUSED_VARIABLE = YES;
				IPHONEOS_DEPLOYMENT_TARGET = 17.0;
				LOCALIZATION_PREFERS_STRING_CATALOGS = YES;
				MTL_ENABLE_DEBUG_INFO = INCLUDE_SOURCE;
				MTL_FAST_MATH = YES;
				ONLY_ACTIVE_ARCH = YES;
				SDKROOT = iphoneos;
				SWIFT_ACTIVE_COMPILATION_CONDITIONS = "DEBUG $(inherited)";
				SWIFT_OPTIMIZATION_LEVEL = "-Onone";
			};
			name = Debug;
		};
		CE8C98002ACD351300484DAE /* Release */ = {
			isa = XCBuildConfiguration;
			buildSettings = {
				ALWAYS_SEARCH_USER_PATHS = NO;
				ASSETCATALOG_COMPILER_GENERATE_SWIFT_ASSET_SYMBOL_EXTENSIONS = YES;
				CLANG_ANALYZER_NONNULL = YES;
				CLANG_ANALYZER_NUMBER_OBJECT_CONVERSION = YES_AGGRESSIVE;
				CLANG_CXX_LANGUAGE_STANDARD = "gnu++20";
				CLANG_ENABLE_MODULES = YES;
				CLANG_ENABLE_OBJC_ARC = YES;
				CLANG_ENABLE_OBJC_WEAK = YES;
				CLANG_WARN_BLOCK_CAPTURE_AUTORELEASING = YES;
				CLANG_WARN_BOOL_CONVERSION = YES;
				CLANG_WARN_COMMA = YES;
				CLANG_WARN_CONSTANT_CONVERSION = YES;
				CLANG_WARN_DEPRECATED_OBJC_IMPLEMENTATIONS = YES;
				CLANG_WARN_DIRECT_OBJC_ISA_USAGE = YES_ERROR;
				CLANG_WARN_DOCUMENTATION_COMMENTS = YES;
				CLANG_WARN_EMPTY_BODY = YES;
				CLANG_WARN_ENUM_CONVERSION = YES;
				CLANG_WARN_INFINITE_RECURSION = YES;
				CLANG_WARN_INT_CONVERSION = YES;
				CLANG_WARN_NON_LITERAL_NULL_CONVERSION = YES;
				CLANG_WARN_OBJC_IMPLICIT_RETAIN_SELF = YES;
				CLANG_WARN_OBJC_LITERAL_CONVERSION = YES;
				CLANG_WARN_OBJC_ROOT_CLASS = YES_ERROR;
				CLANG_WARN_QUOTED_INCLUDE_IN_FRAMEWORK_HEADER = YES;
				CLANG_WARN_RANGE_LOOP_ANALYSIS = YES;
				CLANG_WARN_STRICT_PROTOTYPES = YES;
				CLANG_WARN_SUSPICIOUS_MOVE = YES;
				CLANG_WARN_UNGUARDED_AVAILABILITY = YES_AGGRESSIVE;
				CLANG_WARN_UNREACHABLE_CODE = YES;
				CLANG_WARN__DUPLICATE_METHOD_MATCH = YES;
				COPY_PHASE_STRIP = NO;
				DEBUG_INFORMATION_FORMAT = "dwarf-with-dsym";
				ENABLE_NS_ASSERTIONS = NO;
				ENABLE_STRICT_OBJC_MSGSEND = YES;
				ENABLE_USER_SCRIPT_SANDBOXING = YES;
				GCC_C_LANGUAGE_STANDARD = gnu17;
				GCC_NO_COMMON_BLOCKS = YES;
				GCC_WARN_64_TO_32_BIT_CONVERSION = YES;
				GCC_WARN_ABOUT_RETURN_TYPE = YES_ERROR;
				GCC_WARN_UNDECLARED_SELECTOR = YES;
				GCC_WARN_UNINITIALIZED_AUTOS = YES_AGGRESSIVE;
				GCC_WARN_UNUSED_FUNCTION = YES;
				GCC_WARN_UNUSED_VARIABLE = YES;
				IPHONEOS_DEPLOYMENT_TARGET = 17.0;
				LOCALIZATION_PREFERS_STRING_CATALOGS = YES;
				MTL_ENABLE_DEBUG_INFO = NO;
				MTL_FAST_MATH = YES;
				SDKROOT = iphoneos;
				SWIFT_COMPILATION_MODE = wholemodule;
				VALIDATE_PRODUCT = YES;
			};
			name = Release;
		};
		CE8C98022ACD351300484DAE /* Debug */ = {
			isa = XCBuildConfiguration;
			buildSettings = {
				ASSETCATALOG_COMPILER_APPICON_NAME = AppIcon;
				ASSETCATALOG_COMPILER_GLOBAL_ACCENT_COLOR_NAME = AccentColor;
				CODE_SIGN_STYLE = Automatic;
				CURRENT_PROJECT_VERSION = 1;
				DEVELOPMENT_ASSET_PATHS = "\"VerticalViewPager/Preview Content\"";
				ENABLE_PREVIEWS = YES;
				GENERATE_INFOPLIST_FILE = YES;
				INFOPLIST_KEY_UIApplicationSceneManifest_Generation = YES;
				INFOPLIST_KEY_UIApplicationSupportsIndirectInputEvents = YES;
				INFOPLIST_KEY_UILaunchScreen_Generation = YES;
				INFOPLIST_KEY_UISupportedInterfaceOrientations_iPad = "UIInterfaceOrientationPortrait UIInterfaceOrientationPortraitUpsideDown UIInterfaceOrientationLandscapeLeft UIInterfaceOrientationLandscapeRight";
				INFOPLIST_KEY_UISupportedInterfaceOrientations_iPhone = "UIInterfaceOrientationPortrait UIInterfaceOrientationLandscapeLeft UIInterfaceOrientationLandscapeRight";
				LD_RUNPATH_SEARCH_PATHS = (
					"$(inherited)",
					"@executable_path/Frameworks",
				);
				MARKETING_VERSION = 1.0;
				PRODUCT_BUNDLE_IDENTIFIER = hot.match.app.VerticalViewPager;
				PRODUCT_NAME = "$(TARGET_NAME)";
				SWIFT_EMIT_LOC_STRINGS = YES;
				SWIFT_VERSION = 5.0;
				TARGETED_DEVICE_FAMILY = "1,2";
			};
			name = Debug;
		};
		CE8C98032ACD351300484DAE /* Release */ = {
			isa = XCBuildConfiguration;
			buildSettings = {
				ASSETCATALOG_COMPILER_APPICON_NAME = AppIcon;
				ASSETCATALOG_COMPILER_GLOBAL_ACCENT_COLOR_NAME = AccentColor;
				CODE_SIGN_STYLE = Automatic;
				CURRENT_PROJECT_VERSION = 1;
				DEVELOPMENT_ASSET_PATHS = "\"VerticalViewPager/Preview Content\"";
				ENABLE_PREVIEWS = YES;
				GENERATE_INFOPLIST_FILE = YES;
				INFOPLIST_KEY_UIApplicationSceneManifest_Generation = YES;
				INFOPLIST_KEY_UIApplicationSupportsIndirectInputEvents = YES;
				INFOPLIST_KEY_UILaunchScreen_Generation = YES;
				INFOPLIST_KEY_UISupportedInterfaceOrientations_iPad = "UIInterfaceOrientationPortrait UIInterfaceOrientationPortraitUpsideDown UIInterfaceOrientationLandscapeLeft UIInterfaceOrientationLandscapeRight";
				INFOPLIST_KEY_UISupportedInterfaceOrientations_iPhone = "UIInterfaceOrientationPortrait UIInterfaceOrientationLandscapeLeft UIInterfaceOrientationLandscapeRight";
				LD_RUNPATH_SEARCH_PATHS = (
					"$(inherited)",
					"@executable_path/Frameworks",
				);
				MARKETING_VERSION = 1.0;
				PRODUCT_BUNDLE_IDENTIFIER = hot.match.app.VerticalViewPager;
				PRODUCT_NAME = "$(TARGET_NAME)";
				SWIFT_EMIT_LOC_STRINGS = YES;
				SWIFT_VERSION = 5.0;
				TARGETED_DEVICE_FAMILY = "1,2";
			};
			name = Release;
		};
		CE8C98052ACD351300484DAE /* Debug */ = {
			isa = XCBuildConfiguration;
			buildSettings = {
				ALWAYS_EMBED_SWIFT_STANDARD_LIBRARIES = YES;
				BUNDLE_LOADER = "$(TEST_HOST)";
				CODE_SIGN_STYLE = Automatic;
				CURRENT_PROJECT_VERSION = 1;
				GENERATE_INFOPLIST_FILE = YES;
				IPHONEOS_DEPLOYMENT_TARGET = 17.0;
				MARKETING_VERSION = 1.0;
				PRODUCT_BUNDLE_IDENTIFIER = hot.match.app.VerticalViewPagerTests;
				PRODUCT_NAME = "$(TARGET_NAME)";
				SWIFT_EMIT_LOC_STRINGS = NO;
				SWIFT_VERSION = 5.0;
				TARGETED_DEVICE_FAMILY = "1,2";
				TEST_HOST = "$(BUILT_PRODUCTS_DIR)/VerticalViewPager.app/$(BUNDLE_EXECUTABLE_FOLDER_PATH)/VerticalViewPager";
			};
			name = Debug;
		};
		CE8C98062ACD351300484DAE /* Release */ = {
			isa = XCBuildConfiguration;
			buildSettings = {
				ALWAYS_EMBED_SWIFT_STANDARD_LIBRARIES = YES;
				BUNDLE_LOADER = "$(TEST_HOST)";
				CODE_SIGN_STYLE = Automatic;
				CURRENT_PROJECT_VERSION = 1;
				GENERATE_INFOPLIST_FILE = YES;
				IPHONEOS_DEPLOYMENT_TARGET = 17.0;
				MARKETING_VERSION = 1.0;
				PRODUCT_BUNDLE_IDENTIFIER = hot.match.app.VerticalViewPagerTests;
				PRODUCT_NAME = "$(TARGET_NAME)";
				SWIFT_EMIT_LOC_STRINGS = NO;
				SWIFT_VERSION = 5.0;
				TARGETED_DEVICE_FAMILY = "1,2";
				TEST_HOST = "$(BUILT_PRODUCTS_DIR)/VerticalViewPager.app/$(BUNDLE_EXECUTABLE_FOLDER_PATH)/VerticalViewPager";
			};
			name = Release;
		};
		CE8C98082ACD351300484DAE /* Debug */ = {
			isa = XCBuildConfiguration;
			buildSettings = {
				ALWAYS_EMBED_SWIFT_STANDARD_LIBRARIES = YES;
				CODE_SIGN_STYLE = Automatic;
				CURRENT_PROJECT_VERSION = 1;
				GENERATE_INFOPLIST_FILE = YES;
				MARKETING_VERSION = 1.0;
				PRODUCT_BUNDLE_IDENTIFIER = hot.match.app.VerticalViewPagerUITests;
				PRODUCT_NAME = "$(TARGET_NAME)";
				SWIFT_EMIT_LOC_STRINGS = NO;
				SWIFT_VERSION = 5.0;
				TARGETED_DEVICE_FAMILY = "1,2";
				TEST_TARGET_NAME = VerticalViewPager;
			};
			name = Debug;
		};
		CE8C98092ACD351300484DAE /* Release */ = {
			isa = XCBuildConfiguration;
			buildSettings = {
				ALWAYS_EMBED_SWIFT_STANDARD_LIBRARIES = YES;
				CODE_SIGN_STYLE = Automatic;
				CURRENT_PROJECT_VERSION = 1;
				GENERATE_INFOPLIST_FILE = YES;
				MARKETING_VERSION = 1.0;
				PRODUCT_BUNDLE_IDENTIFIER = hot.match.app.VerticalViewPagerUITests;
				PRODUCT_NAME = "$(TARGET_NAME)";
				SWIFT_EMIT_LOC_STRINGS = NO;
				SWIFT_VERSION = 5.0;
				TARGETED_DEVICE_FAMILY = "1,2";
				TEST_TARGET_NAME = VerticalViewPager;
			};
			name = Release;
		};
/* End XCBuildConfiguration section */

/* Begin XCConfigurationList section */
		CE8C97D82ACD351200484DAE /* Build configuration list for PBXProject "VerticalViewPager" */ = {
			isa = XCConfigurationList;
			buildConfigurations = (
				CE8C97FF2ACD351300484DAE /* Debug */,
				CE8C98002ACD351300484DAE /* Release */,
			);
			defaultConfigurationIsVisible = 0;
			defaultConfigurationName = Release;
		};
		CE8C98012ACD351300484DAE /* Build configuration list for PBXNativeTarget "VerticalViewPager" */ = {
			isa = XCConfigurationList;
			buildConfigurations = (
				CE8C98022ACD351300484DAE /* Debug */,
				CE8C98032ACD351300484DAE /* Release */,
			);
			defaultConfigurationIsVisible = 0;
			defaultConfigurationName = Release;
		};
		CE8C98042ACD351300484DAE /* Build configuration list for PBXNativeTarget "VerticalViewPagerTests" */ = {
			isa = XCConfigurationList;
			buildConfigurations = (
				CE8C98052ACD351300484DAE /* Debug */,
				CE8C98062ACD351300484DAE /* Release */,
			);
			defaultConfigurationIsVisible = 0;
			defaultConfigurationName = Release;
		};
		CE8C98072ACD351300484DAE /* Build configuration list for PBXNativeTarget "VerticalViewPagerUITests" */ = {
			isa = XCConfigurationList;
			buildConfigurations = (
				CE8C98082ACD351300484DAE /* Debug */,
				CE8C98092ACD351300484DAE /* Release */,
			);
			defaultConfigurationIsVisible = 0;
			defaultConfigurationName = Release;
		};
/* End XCConfigurationList section */
	};
	rootObject = CE8C97D52ACD351200484DAE /* Project object */;
}
